
Microsoft Visual Studio Solution File, Format Version 12.00
# Visual Studio Version 17
VisualStudioVersion = 17.2.32630.192
MinimumVisualStudioVersion = 10.0.40219.1
Project("{FAE04EC0-301F-11D3-BF4B-00C04F79EFBC}") = "WebApi", "WebApi\WebApi.csproj", "{6E5175CB-27B2-4805-988A-572AB6CB3FEF}"
EndProject
Project("{FAE04EC0-301F-11D3-BF4B-00C04F79EFBC}") = "Domain", "Domain\Domain.csproj", "{88341BEB-FA1E-4CEB-BA75-62877B40C324}"
EndProject
Project("{FAE04EC0-301F-11D3-BF4B-00C04F79EFBC}") = "Infrastructure", "Infrastructure\Infrastructure.csproj", "{E35A6833-FFC3-48B1-8E64-EB9C703046F1}"
EndProject
Project("{FAE04EC0-301F-11D3-BF4B-00C04F79EFBC}") = "Application", "Application\Application.csproj", "{D26B81AB-54FC-490E-8440-BA37347DBEE1}"
EndProject
Global
	GlobalSection(SolutionConfigurationPlatforms) = preSolution
		Debug|Any CPU = Debug|Any CPU
		Release|Any CPU = Release|Any CPU
	EndGlobalSection
	GlobalSection(ProjectConfigurationPlatforms) = postSolution
		{6E5175CB-27B2-4805-988A-572AB6CB3FEF}.Debug|Any CPU.ActiveCfg = Debug|Any CPU
		{6E5175CB-27B2-4805-988A-572AB6CB3FEF}.Debug|Any CPU.Build.0 = Debug|Any CPU
		{6E5175CB-27B2-4805-988A-572AB6CB3FEF}.Release|Any CPU.ActiveCfg = Release|Any CPU
		{6E5175CB-27B2-4805-988A-572AB6CB3FEF}.Release|Any CPU.Build.0 = Release|Any CPU
		{88341BEB-FA1E-4CEB-BA75-62877B40C324}.Debug|Any CPU.ActiveCfg = Debug|Any CPU
		{88341BEB-FA1E-4CEB-BA75-62877B40C324}.Debug|Any CPU.Build.0 = Debug|Any CPU
		{88341BEB-FA1E-4CEB-BA75-62877B40C324}.Release|Any CPU.ActiveCfg = Release|Any CPU
		{88341BEB-FA1E-4CEB-BA75-62877B40C324}.Release|Any CPU.Build.0 = Release|Any CPU
		{E35A6833-FFC3-48B1-8E64-EB9C703046F1}.Debug|Any CPU.ActiveCfg = Debug|Any CPU
		{E35A6833-FFC3-48B1-8E64-EB9C703046F1}.Debug|Any CPU.Build.0 = Debug|Any CPU
		{E35A6833-FFC3-48B1-8E64-EB9C703046F1}.Release|Any CPU.ActiveCfg = Release|Any CPU
		{E35A6833-FFC3-48B1-8E64-EB9C703046F1}.Release|Any CPU.Build.0 = Release|Any CPU
		{D26B81AB-54FC-490E-8440-BA37347DBEE1}.Debug|Any CPU.ActiveCfg = Debug|Any CPU
		{D26B81AB-54FC-490E-8440-BA37347DBEE1}.Debug|Any CPU.Build.0 = Debug|Any CPU
		{D26B81AB-54FC-490E-8440-BA37347DBEE1}.Release|Any CPU.ActiveCfg = Release|Any CPU
		{D26B81AB-54FC-490E-8440-BA37347DBEE1}.Release|Any CPU.Build.0 = Release|Any CPU
	EndGlobalSection
	GlobalSection(SolutionProperties) = preSolution
		HideSolutionNode = FALSE
	EndGlobalSection
	GlobalSection(ExtensibilityGlobals) = postSolution
		SolutionGuid = {5DC27089-0807-4E25-AE0F-7D97890BAF22}
	EndGlobalSection
EndGlobal
